<?xml version="1.0" encoding="utf-8"?>
<Project ToolsVersion="16.0" xmlns="http://schemas.microsoft.com/developer/msbuild/2003">
  <ItemGroup>
    <ClCompile Include="C:\Users\uncha\Documents\Masters\VI\Project\VI-RT\Scene\tinyobjloader\tiny_obj_loader.cc">
      <Filter>Source Files</Filter>
    </ClCompile>
  </ItemGroup>
  <ItemGroup>
    <ClInclude Include="C:\Users\uncha\Documents\Masters\VI\Project\VI-RT\Scene\tinyobjloader\tiny_obj_loader.h">
      <Filter>Header Files</Filter>
    </ClInclude>
  </ItemGroup>
  <ItemGroup>
    <CustomBuild Include="C:\Users\uncha\Documents\Masters\VI\Project\VI-RT\Scene\tinyobjloader\CMakeLists.txt" />
  </ItemGroup>
  <ItemGroup>
    <Filter Include="Header Files">
      <UniqueIdentifier>{6E196273-2300-38E5-8E02-01B51C0FF927}</UniqueIdentifier>
    </Filter>
    <Filter Include="Source Files">
      <UniqueIdentifier>{C9A5AF75-0E9A-38CC-9917-39DBEF09BB09}</UniqueIdentifier>
    </Filter>
  </ItemGroup>
</Project>
